// !$*UTF8*$!
{
	archiveVersion = 1;
	classes = {
	};
	objectVersion = 50;
	objects = {

/* Begin PBXBuildFile section */
		069B7E4722723B6A00F516C4 /* AppDelegate.swift in Sources */ = {isa = PBXBuildFile; fileRef = 069B7E4622723B6A00F516C4 /* AppDelegate.swift */; };
		069B7E4E22723B6B00F516C4 /* Assets.xcassets in Resources */ = {isa = PBXBuildFile; fileRef = 069B7E4D22723B6B00F516C4 /* Assets.xcassets */; };
		069B7E5122723B6B00F516C4 /* LaunchScreen.storyboard in Resources */ = {isa = PBXBuildFile; fileRef = 069B7E4F22723B6B00F516C4 /* LaunchScreen.storyboard */; };
		069B7E6822723C8A00F516C4 /* Currency.swift in Sources */ = {isa = PBXBuildFile; fileRef = 069B7E6722723C8A00F516C4 /* Currency.swift */; };
		069B7E6922723C9200F516C4 /* Currency.swift in Sources */ = {isa = PBXBuildFile; fileRef = 069B7E6722723C8A00F516C4 /* Currency.swift */; };
		069B7E6B2272401300F516C4 /* CurrencyTest.swift in Sources */ = {isa = PBXBuildFile; fileRef = 069B7E6A2272401300F516C4 /* CurrencyTest.swift */; };
		069B7E6D227245EA00F516C4 /* Value.swift in Sources */ = {isa = PBXBuildFile; fileRef = 069B7E6C227245EA00F516C4 /* Value.swift */; };
		069B7E6F227245F700F516C4 /* ValueTest.swift in Sources */ = {isa = PBXBuildFile; fileRef = 069B7E6E227245F700F516C4 /* ValueTest.swift */; };
		069B7E702272476500F516C4 /* Value.swift in Sources */ = {isa = PBXBuildFile; fileRef = 069B7E6C227245EA00F516C4 /* Value.swift */; };
		069B7E7222724B1800F516C4 /* TagTests.swift in Sources */ = {isa = PBXBuildFile; fileRef = 069B7E7122724B1800F516C4 /* TagTests.swift */; };
		069B7E7422724B2200F516C4 /* Tag.swift in Sources */ = {isa = PBXBuildFile; fileRef = 069B7E7322724B2200F516C4 /* Tag.swift */; };
		069B7E7522724D0E00F516C4 /* Tag.swift in Sources */ = {isa = PBXBuildFile; fileRef = 069B7E7322724B2200F516C4 /* Tag.swift */; };
		069B7E772272559100F516C4 /* Category.swift in Sources */ = {isa = PBXBuildFile; fileRef = 069B7E762272559100F516C4 /* Category.swift */; };
		069B7E79227255DA00F516C4 /* CategoryTests.swift in Sources */ = {isa = PBXBuildFile; fileRef = 069B7E78227255DA00F516C4 /* CategoryTests.swift */; };
		069B7E7A2272568E00F516C4 /* Category.swift in Sources */ = {isa = PBXBuildFile; fileRef = 069B7E762272559100F516C4 /* Category.swift */; };
		069B7E7C227257BC00F516C4 /* AccountingRecord.swift in Sources */ = {isa = PBXBuildFile; fileRef = 069B7E7B227257BC00F516C4 /* AccountingRecord.swift */; };
		069B7E7D2272599500F516C4 /* AccountingRecord.swift in Sources */ = {isa = PBXBuildFile; fileRef = 069B7E7B227257BC00F516C4 /* AccountingRecord.swift */; };
		069B7E7F22725CA600F516C4 /* AccountingTests.swift in Sources */ = {isa = PBXBuildFile; fileRef = 069B7E7E22725CA600F516C4 /* AccountingTests.swift */; };
		069B7E82227264EF00F516C4 /* ValuePresenter.swift in Sources */ = {isa = PBXBuildFile; fileRef = 069B7E81227264EF00F516C4 /* ValuePresenter.swift */; };
		069B7E842272680A00F516C4 /* ValueConverter.swift in Sources */ = {isa = PBXBuildFile; fileRef = 069B7E832272680A00F516C4 /* ValueConverter.swift */; };
		069B7E86227268C900F516C4 /* ValueConverterTests.swift in Sources */ = {isa = PBXBuildFile; fileRef = 069B7E85227268C900F516C4 /* ValueConverterTests.swift */; };
		069B7E87227269FE00F516C4 /* ValueConverter.swift in Sources */ = {isa = PBXBuildFile; fileRef = 069B7E832272680A00F516C4 /* ValueConverter.swift */; };
		069B7E89227320C900F516C4 /* ValueReducer.swift in Sources */ = {isa = PBXBuildFile; fileRef = 069B7E88227320C900F516C4 /* ValueReducer.swift */; };
		069B7E8B2273236900F516C4 /* ValueReducerTests.swift in Sources */ = {isa = PBXBuildFile; fileRef = 069B7E8A2273236900F516C4 /* ValueReducerTests.swift */; };
		069B7E8C2274C92E00F516C4 /* ValueReducer.swift in Sources */ = {isa = PBXBuildFile; fileRef = 069B7E88227320C900F516C4 /* ValueReducer.swift */; };
/* End PBXBuildFile section */

/* Begin PBXContainerItemProxy section */
		069B7E5822723B6B00F516C4 /* PBXContainerItemProxy */ = {
			isa = PBXContainerItemProxy;
			containerPortal = 069B7E3B22723B6A00F516C4 /* Project object */;
			proxyType = 1;
			remoteGlobalIDString = 069B7E4222723B6A00F516C4;
			remoteInfo = Ledger;
		};
/* End PBXContainerItemProxy section */

/* Begin PBXFileReference section */
		069B7E4322723B6A00F516C4 /* Ledger.app */ = {isa = PBXFileReference; explicitFileType = wrapper.application; includeInIndex = 0; path = Ledger.app; sourceTree = BUILT_PRODUCTS_DIR; };
		069B7E4622723B6A00F516C4 /* AppDelegate.swift */ = {isa = PBXFileReference; lastKnownFileType = sourcecode.swift; path = AppDelegate.swift; sourceTree = "<group>"; };
		069B7E4D22723B6B00F516C4 /* Assets.xcassets */ = {isa = PBXFileReference; lastKnownFileType = folder.assetcatalog; path = Assets.xcassets; sourceTree = "<group>"; };
		069B7E5022723B6B00F516C4 /* Base */ = {isa = PBXFileReference; lastKnownFileType = file.storyboard; name = Base; path = Base.lproj/LaunchScreen.storyboard; sourceTree = "<group>"; };
		069B7E5222723B6B00F516C4 /* Info.plist */ = {isa = PBXFileReference; lastKnownFileType = text.plist.xml; path = Info.plist; sourceTree = "<group>"; };
		069B7E5722723B6B00F516C4 /* LedgerTests.xctest */ = {isa = PBXFileReference; explicitFileType = wrapper.cfbundle; includeInIndex = 0; path = LedgerTests.xctest; sourceTree = BUILT_PRODUCTS_DIR; };
		069B7E5D22723B6B00F516C4 /* Info.plist */ = {isa = PBXFileReference; lastKnownFileType = text.plist.xml; path = Info.plist; sourceTree = "<group>"; };
		069B7E6722723C8A00F516C4 /* Currency.swift */ = {isa = PBXFileReference; lastKnownFileType = sourcecode.swift; path = Currency.swift; sourceTree = "<group>"; };
		069B7E6A2272401300F516C4 /* CurrencyTest.swift */ = {isa = PBXFileReference; lastKnownFileType = sourcecode.swift; path = CurrencyTest.swift; sourceTree = "<group>"; };
		069B7E6C227245EA00F516C4 /* Value.swift */ = {isa = PBXFileReference; lastKnownFileType = sourcecode.swift; path = Value.swift; sourceTree = "<group>"; };
		069B7E6E227245F700F516C4 /* ValueTest.swift */ = {isa = PBXFileReference; lastKnownFileType = sourcecode.swift; path = ValueTest.swift; sourceTree = "<group>"; };
		069B7E7122724B1800F516C4 /* TagTests.swift */ = {isa = PBXFileReference; lastKnownFileType = sourcecode.swift; path = TagTests.swift; sourceTree = "<group>"; };
		069B7E7322724B2200F516C4 /* Tag.swift */ = {isa = PBXFileReference; lastKnownFileType = sourcecode.swift; path = Tag.swift; sourceTree = "<group>"; };
		069B7E762272559100F516C4 /* Category.swift */ = {isa = PBXFileReference; lastKnownFileType = sourcecode.swift; path = Category.swift; sourceTree = "<group>"; };
		069B7E78227255DA00F516C4 /* CategoryTests.swift */ = {isa = PBXFileReference; lastKnownFileType = sourcecode.swift; path = CategoryTests.swift; sourceTree = "<group>"; };
		069B7E7B227257BC00F516C4 /* AccountingRecord.swift */ = {isa = PBXFileReference; lastKnownFileType = sourcecode.swift; path = AccountingRecord.swift; sourceTree = "<group>"; };
		069B7E7E22725CA600F516C4 /* AccountingTests.swift */ = {isa = PBXFileReference; lastKnownFileType = sourcecode.swift; path = AccountingTests.swift; sourceTree = "<group>"; };
		069B7E81227264EF00F516C4 /* ValuePresenter.swift */ = {isa = PBXFileReference; lastKnownFileType = sourcecode.swift; path = ValuePresenter.swift; sourceTree = "<group>"; };
		069B7E832272680A00F516C4 /* ValueConverter.swift */ = {isa = PBXFileReference; lastKnownFileType = sourcecode.swift; path = ValueConverter.swift; sourceTree = "<group>"; };
		069B7E85227268C900F516C4 /* ValueConverterTests.swift */ = {isa = PBXFileReference; lastKnownFileType = sourcecode.swift; path = ValueConverterTests.swift; sourceTree = "<group>"; };
		069B7E88227320C900F516C4 /* ValueReducer.swift */ = {isa = PBXFileReference; lastKnownFileType = sourcecode.swift; path = ValueReducer.swift; sourceTree = "<group>"; };
		069B7E8A2273236900F516C4 /* ValueReducerTests.swift */ = {isa = PBXFileReference; lastKnownFileType = sourcecode.swift; path = ValueReducerTests.swift; sourceTree = "<group>"; };
/* End PBXFileReference section */

/* Begin PBXFrameworksBuildPhase section */
		069B7E4022723B6A00F516C4 /* Frameworks */ = {
			isa = PBXFrameworksBuildPhase;
			buildActionMask = 2147483647;
			files = (
			);
			runOnlyForDeploymentPostprocessing = 0;
		};
		069B7E5422723B6B00F516C4 /* Frameworks */ = {
			isa = PBXFrameworksBuildPhase;
			buildActionMask = 2147483647;
			files = (
			);
			runOnlyForDeploymentPostprocessing = 0;
		};
/* End PBXFrameworksBuildPhase section */

/* Begin PBXGroup section */
		069B7E3A22723B6A00F516C4 = {
			isa = PBXGroup;
			children = (
				069B7E4522723B6A00F516C4 /* Ledger */,
				069B7E5A22723B6B00F516C4 /* LedgerTests */,
				069B7E4422723B6A00F516C4 /* Products */,
			);
			sourceTree = "<group>";
		};
		069B7E4422723B6A00F516C4 /* Products */ = {
			isa = PBXGroup;
			children = (
				069B7E4322723B6A00F516C4 /* Ledger.app */,
				069B7E5722723B6B00F516C4 /* LedgerTests.xctest */,
			);
			name = Products;
			sourceTree = "<group>";
		};
		069B7E4522723B6A00F516C4 /* Ledger */ = {
			isa = PBXGroup;
			children = (
				069B7E6622723C7600F516C4 /* Domain */,
				069B7E4622723B6A00F516C4 /* AppDelegate.swift */,
				069B7E4D22723B6B00F516C4 /* Assets.xcassets */,
				069B7E4F22723B6B00F516C4 /* LaunchScreen.storyboard */,
				069B7E5222723B6B00F516C4 /* Info.plist */,
			);
			path = Ledger;
			sourceTree = "<group>";
		};
		069B7E5A22723B6B00F516C4 /* LedgerTests */ = {
			isa = PBXGroup;
			children = (
				069B7E5D22723B6B00F516C4 /* Info.plist */,
				069B7E6A2272401300F516C4 /* CurrencyTest.swift */,
				069B7E6E227245F700F516C4 /* ValueTest.swift */,
				069B7E7122724B1800F516C4 /* TagTests.swift */,
				069B7E78227255DA00F516C4 /* CategoryTests.swift */,
				069B7E7E22725CA600F516C4 /* AccountingTests.swift */,
				069B7E85227268C900F516C4 /* ValueConverterTests.swift */,
				069B7E8A2273236900F516C4 /* ValueReducerTests.swift */,
			);
			path = LedgerTests;
			sourceTree = "<group>";
		};
		069B7E6622723C7600F516C4 /* Domain */ = {
			isa = PBXGroup;
			children = (
				069B7E80227264B500F516C4 /* Domain Controllers */,
				069B7E6722723C8A00F516C4 /* Currency.swift */,
				069B7E6C227245EA00F516C4 /* Value.swift */,
				069B7E7322724B2200F516C4 /* Tag.swift */,
				069B7E762272559100F516C4 /* Category.swift */,
				069B7E7B227257BC00F516C4 /* AccountingRecord.swift */,
			);
			path = Domain;
			sourceTree = "<group>";
		};
		069B7E80227264B500F516C4 /* Domain Controllers */ = {
			isa = PBXGroup;
			children = (
				069B7E81227264EF00F516C4 /* ValuePresenter.swift */,
				069B7E832272680A00F516C4 /* ValueConverter.swift */,
				069B7E88227320C900F516C4 /* ValueReducer.swift */,
			);
			path = "Domain Controllers";
			sourceTree = "<group>";
		};
/* End PBXGroup section */

/* Begin PBXNativeTarget section */
		069B7E4222723B6A00F516C4 /* Ledger */ = {
			isa = PBXNativeTarget;
			buildConfigurationList = 069B7E6022723B6B00F516C4 /* Build configuration list for PBXNativeTarget "Ledger" */;
			buildPhases = (
				069B7E3F22723B6A00F516C4 /* Sources */,
				069B7E4022723B6A00F516C4 /* Frameworks */,
				069B7E4122723B6A00F516C4 /* Resources */,
			);
			buildRules = (
			);
			dependencies = (
			);
			name = Ledger;
			productName = Ledger;
			productReference = 069B7E4322723B6A00F516C4 /* Ledger.app */;
			productType = "com.apple.product-type.application";
		};
		069B7E5622723B6B00F516C4 /* LedgerTests */ = {
			isa = PBXNativeTarget;
			buildConfigurationList = 069B7E6322723B6B00F516C4 /* Build configuration list for PBXNativeTarget "LedgerTests" */;
			buildPhases = (
				069B7E5322723B6B00F516C4 /* Sources */,
				069B7E5422723B6B00F516C4 /* Frameworks */,
				069B7E5522723B6B00F516C4 /* Resources */,
			);
			buildRules = (
			);
			dependencies = (
				069B7E5922723B6B00F516C4 /* PBXTargetDependency */,
			);
			name = LedgerTests;
			productName = LedgerTests;
			productReference = 069B7E5722723B6B00F516C4 /* LedgerTests.xctest */;
			productType = "com.apple.product-type.bundle.unit-test";
		};
/* End PBXNativeTarget section */

/* Begin PBXProject section */
		069B7E3B22723B6A00F516C4 /* Project object */ = {
			isa = PBXProject;
			attributes = {
				LastSwiftUpdateCheck = 1020;
				LastUpgradeCheck = 1020;
				ORGANIZATIONNAME = "Gabi Lago Blasco";
				TargetAttributes = {
					069B7E4222723B6A00F516C4 = {
						CreatedOnToolsVersion = 10.2;
					};
					069B7E5622723B6B00F516C4 = {
						CreatedOnToolsVersion = 10.2;
						TestTargetID = 069B7E4222723B6A00F516C4;
					};
				};
			};
			buildConfigurationList = 069B7E3E22723B6A00F516C4 /* Build configuration list for PBXProject "Ledger" */;
			compatibilityVersion = "Xcode 9.3";
			developmentRegion = en;
			hasScannedForEncodings = 0;
			knownRegions = (
				en,
				Base,
			);
			mainGroup = 069B7E3A22723B6A00F516C4;
			productRefGroup = 069B7E4422723B6A00F516C4 /* Products */;
			projectDirPath = "";
			projectRoot = "";
			targets = (
				069B7E4222723B6A00F516C4 /* Ledger */,
				069B7E5622723B6B00F516C4 /* LedgerTests */,
			);
		};
/* End PBXProject section */

/* Begin PBXResourcesBuildPhase section */
		069B7E4122723B6A00F516C4 /* Resources */ = {
			isa = PBXResourcesBuildPhase;
			buildActionMask = 2147483647;
			files = (
				069B7E5122723B6B00F516C4 /* LaunchScreen.storyboard in Resources */,
				069B7E4E22723B6B00F516C4 /* Assets.xcassets in Resources */,
			);
			runOnlyForDeploymentPostprocessing = 0;
		};
		069B7E5522723B6B00F516C4 /* Resources */ = {
			isa = PBXResourcesBuildPhase;
			buildActionMask = 2147483647;
			files = (
			);
			runOnlyForDeploymentPostprocessing = 0;
		};
/* End PBXResourcesBuildPhase section */

/* Begin PBXSourcesBuildPhase section */
		069B7E3F22723B6A00F516C4 /* Sources */ = {
			isa = PBXSourcesBuildPhase;
			buildActionMask = 2147483647;
			files = (
				069B7E7422724B2200F516C4 /* Tag.swift in Sources */,
				069B7E772272559100F516C4 /* Category.swift in Sources */,
				069B7E6822723C8A00F516C4 /* Currency.swift in Sources */,
				069B7E7C227257BC00F516C4 /* AccountingRecord.swift in Sources */,
				069B7E89227320C900F516C4 /* ValueReducer.swift in Sources */,
				069B7E842272680A00F516C4 /* ValueConverter.swift in Sources */,
				069B7E4722723B6A00F516C4 /* AppDelegate.swift in Sources */,
				069B7E82227264EF00F516C4 /* ValuePresenter.swift in Sources */,
				069B7E6D227245EA00F516C4 /* Value.swift in Sources */,
			);
			runOnlyForDeploymentPostprocessing = 0;
		};
		069B7E5322723B6B00F516C4 /* Sources */ = {
			isa = PBXSourcesBuildPhase;
			buildActionMask = 2147483647;
			files = (
				069B7E8B2273236900F516C4 /* ValueReducerTests.swift in Sources */,
				069B7E8C2274C92E00F516C4 /* ValueReducer.swift in Sources */,
				069B7E86227268C900F516C4 /* ValueConverterTests.swift in Sources */,
				069B7E6922723C9200F516C4 /* Currency.swift in Sources */,
				069B7E6B2272401300F516C4 /* CurrencyTest.swift in Sources */,
				069B7E702272476500F516C4 /* Value.swift in Sources */,
				069B7E7D2272599500F516C4 /* AccountingRecord.swift in Sources */,
				069B7E7522724D0E00F516C4 /* Tag.swift in Sources */,
				069B7E87227269FE00F516C4 /* ValueConverter.swift in Sources */,
				069B7E7A2272568E00F516C4 /* Category.swift in Sources */,
				069B7E7222724B1800F516C4 /* TagTests.swift in Sources */,
				069B7E6F227245F700F516C4 /* ValueTest.swift in Sources */,
				069B7E7F22725CA600F516C4 /* AccountingTests.swift in Sources */,
				069B7E79227255DA00F516C4 /* CategoryTests.swift in Sources */,
			);
			runOnlyForDeploymentPostprocessing = 0;
		};
/* End PBXSourcesBuildPhase section */

/* Begin PBXTargetDependency section */
		069B7E5922723B6B00F516C4 /* PBXTargetDependency */ = {
			isa = PBXTargetDependency;
			target = 069B7E4222723B6A00F516C4 /* Ledger */;
			targetProxy = 069B7E5822723B6B00F516C4 /* PBXContainerItemProxy */;
		};
/* End PBXTargetDependency section */

/* Begin PBXVariantGroup section */
		069B7E4F22723B6B00F516C4 /* LaunchScreen.storyboard */ = {
			isa = PBXVariantGroup;
			children = (
				069B7E5022723B6B00F516C4 /* Base */,
			);
			name = LaunchScreen.storyboard;
			sourceTree = "<group>";
		};
/* End PBXVariantGroup section */

/* Begin XCBuildConfiguration section */
		069B7E5E22723B6B00F516C4 /* Debug */ = {
			isa = XCBuildConfiguration;
			buildSettings = {
				ALWAYS_SEARCH_USER_PATHS = NO;
				CLANG_ANALYZER_NONNULL = YES;
				CLANG_ANALYZER_NUMBER_OBJECT_CONVERSION = YES_AGGRESSIVE;
				CLANG_CXX_LANGUAGE_STANDARD = "gnu++14";
				CLANG_CXX_LIBRARY = "libc++";
				CLANG_ENABLE_MODULES = YES;
				CLANG_ENABLE_OBJC_ARC = YES;
				CLANG_ENABLE_OBJC_WEAK = YES;
				CLANG_WARN_BLOCK_CAPTURE_AUTORELEASING = YES;
				CLANG_WARN_BOOL_CONVERSION = YES;
				CLANG_WARN_COMMA = YES;
				CLANG_WARN_CONSTANT_CONVERSION = YES;
				CLANG_WARN_DEPRECATED_OBJC_IMPLEMENTATIONS = YES;
				CLANG_WARN_DIRECT_OBJC_ISA_USAGE = YES_ERROR;
				CLANG_WARN_DOCUMENTATION_COMMENTS = YES;
				CLANG_WARN_EMPTY_BODY = YES;
				CLANG_WARN_ENUM_CONVERSION = YES;
				CLANG_WARN_INFINITE_RECURSION = YES;
				CLANG_WARN_INT_CONVERSION = YES;
				CLANG_WARN_NON_LITERAL_NULL_CONVERSION = YES;
				CLANG_WARN_OBJC_IMPLICIT_RETAIN_SELF = YES;
				CLANG_WARN_OBJC_LITERAL_CONVERSION = YES;
				CLANG_WARN_OBJC_ROOT_CLASS = YES_ERROR;
				CLANG_WARN_RANGE_LOOP_ANALYSIS = YES;
				CLANG_WARN_STRICT_PROTOTYPES = YES;
				CLANG_WARN_SUSPICIOUS_MOVE = YES;
				CLANG_WARN_UNGUARDED_AVAILABILITY = YES_AGGRESSIVE;
				CLANG_WARN_UNREACHABLE_CODE = YES;
				CLANG_WARN__DUPLICATE_METHOD_MATCH = YES;
				CODE_SIGN_IDENTITY = "iPhone Developer";
				COPY_PHASE_STRIP = NO;
				DEBUG_INFORMATION_FORMAT = dwarf;
				ENABLE_STRICT_OBJC_MSGSEND = YES;
				ENABLE_TESTABILITY = YES;
				GCC_C_LANGUAGE_STANDARD = gnu11;
				GCC_DYNAMIC_NO_PIC = NO;
				GCC_NO_COMMON_BLOCKS = YES;
				GCC_OPTIMIZATION_LEVEL = 0;
				GCC_PREPROCESSOR_DEFINITIONS = (
					"DEBUG=1",
					"$(inherited)",
				);
				GCC_WARN_64_TO_32_BIT_CONVERSION = YES;
				GCC_WARN_ABOUT_RETURN_TYPE = YES_ERROR;
				GCC_WARN_UNDECLARED_SELECTOR = YES;
				GCC_WARN_UNINITIALIZED_AUTOS = YES_AGGRESSIVE;
				GCC_WARN_UNUSED_FUNCTION = YES;
				GCC_WARN_UNUSED_VARIABLE = YES;
				IPHONEOS_DEPLOYMENT_TARGET = 12.2;
				MTL_ENABLE_DEBUG_INFO = INCLUDE_SOURCE;
				MTL_FAST_MATH = YES;
				ONLY_ACTIVE_ARCH = YES;
				SDKROOT = iphoneos;
				SWIFT_ACTIVE_COMPILATION_CONDITIONS = DEBUG;
				SWIFT_OPTIMIZATION_LEVEL = "-Onone";
			};
			name = Debug;
		};
		069B7E5F22723B6B00F516C4 /* Release */ = {
			isa = XCBuildConfiguration;
			buildSettings = {
				ALWAYS_SEARCH_USER_PATHS = NO;
				CLANG_ANALYZER_NONNULL = YES;
				CLANG_ANALYZER_NUMBER_OBJECT_CONVERSION = YES_AGGRESSIVE;
				CLANG_CXX_LANGUAGE_STANDARD = "gnu++14";
				CLANG_CXX_LIBRARY = "libc++";
				CLANG_ENABLE_MODULES = YES;
				CLANG_ENABLE_OBJC_ARC = YES;
				CLANG_ENABLE_OBJC_WEAK = YES;
				CLANG_WARN_BLOCK_CAPTURE_AUTORELEASING = YES;
				CLANG_WARN_BOOL_CONVERSION = YES;
				CLANG_WARN_COMMA = YES;
				CLANG_WARN_CONSTANT_CONVERSION = YES;
				CLANG_WARN_DEPRECATED_OBJC_IMPLEMENTATIONS = YES;
				CLANG_WARN_DIRECT_OBJC_ISA_USAGE = YES_ERROR;
				CLANG_WARN_DOCUMENTATION_COMMENTS = YES;
				CLANG_WARN_EMPTY_BODY = YES;
				CLANG_WARN_ENUM_CONVERSION = YES;
				CLANG_WARN_INFINITE_RECURSION = YES;
				CLANG_WARN_INT_CONVERSION = YES;
				CLANG_WARN_NON_LITERAL_NULL_CONVERSION = YES;
				CLANG_WARN_OBJC_IMPLICIT_RETAIN_SELF = YES;
				CLANG_WARN_OBJC_LITERAL_CONVERSION = YES;
				CLANG_WARN_OBJC_ROOT_CLASS = YES_ERROR;
				CLANG_WARN_RANGE_LOOP_ANALYSIS = YES;
				CLANG_WARN_STRICT_PROTOTYPES = YES;
				CLANG_WARN_SUSPICIOUS_MOVE = YES;
				CLANG_WARN_UNGUARDED_AVAILABILITY = YES_AGGRESSIVE;
				CLANG_WARN_UNREACHABLE_CODE = YES;
				CLANG_WARN__DUPLICATE_METHOD_MATCH = YES;
				CODE_SIGN_IDENTITY = "iPhone Developer";
				COPY_PHASE_STRIP = NO;
				DEBUG_INFORMATION_FORMAT = "dwarf-with-dsym";
				ENABLE_NS_ASSERTIONS = NO;
				ENABLE_STRICT_OBJC_MSGSEND = YES;
				GCC_C_LANGUAGE_STANDARD = gnu11;
				GCC_NO_COMMON_BLOCKS = YES;
				GCC_WARN_64_TO_32_BIT_CONVERSION = YES;
				GCC_WARN_ABOUT_RETURN_TYPE = YES_ERROR;
				GCC_WARN_UNDECLARED_SELECTOR = YES;
				GCC_WARN_UNINITIALIZED_AUTOS = YES_AGGRESSIVE;
				GCC_WARN_UNUSED_FUNCTION = YES;
				GCC_WARN_UNUSED_VARIABLE = YES;
				IPHONEOS_DEPLOYMENT_TARGET = 12.2;
				MTL_ENABLE_DEBUG_INFO = NO;
				MTL_FAST_MATH = YES;
				SDKROOT = iphoneos;
				SWIFT_COMPILATION_MODE = wholemodule;
				SWIFT_OPTIMIZATION_LEVEL = "-O";
				VALIDATE_PRODUCT = YES;
			};
			name = Release;
		};
		069B7E6122723B6B00F516C4 /* Debug */ = {
			isa = XCBuildConfiguration;
			buildSettings = {
				ASSETCATALOG_COMPILER_APPICON_NAME = AppIcon;
				CODE_SIGN_STYLE = Automatic;
				INFOPLIST_FILE = Ledger/Info.plist;
				LD_RUNPATH_SEARCH_PATHS = (
					"$(inherited)",
					"@executable_path/Frameworks",
				);
				PRODUCT_BUNDLE_IDENTIFIER = es.lagoblasco.gabi.Ledger;
				PRODUCT_NAME = "$(TARGET_NAME)";
				SWIFT_VERSION = 5.0;
				TARGETED_DEVICE_FAMILY = "1,2";
			};
			name = Debug;
		};
		069B7E6222723B6B00F516C4 /* Release */ = {
			isa = XCBuildConfiguration;
			buildSettings = {
				ASSETCATALOG_COMPILER_APPICON_NAME = AppIcon;
				CODE_SIGN_STYLE = Automatic;
				INFOPLIST_FILE = Ledger/Info.plist;
				LD_RUNPATH_SEARCH_PATHS = (
					"$(inherited)",
					"@executable_path/Frameworks",
				);
				PRODUCT_BUNDLE_IDENTIFIER = es.lagoblasco.gabi.Ledger;
				PRODUCT_NAME = "$(TARGET_NAME)";
				SWIFT_VERSION = 5.0;
				TARGETED_DEVICE_FAMILY = "1,2";
			};
			name = Release;
		};
		069B7E6422723B6B00F516C4 /* Debug */ = {
			isa = XCBuildConfiguration;
			buildSettings = {
				ALWAYS_EMBED_SWIFT_STANDARD_LIBRARIES = YES;
				BUNDLE_LOADER = "$(TEST_HOST)";
				CODE_SIGN_STYLE = Automatic;
				INFOPLIST_FILE = LedgerTests/Info.plist;
				LD_RUNPATH_SEARCH_PATHS = (
					"$(inherited)",
					"@executable_path/Frameworks",
					"@loader_path/Frameworks",
				);
				PRODUCT_BUNDLE_IDENTIFIER = es.lagoblasco.gabi.LedgerTests;
				PRODUCT_NAME = "$(TARGET_NAME)";
				SWIFT_VERSION = 5.0;
				TARGETED_DEVICE_FAMILY = "1,2";
				TEST_HOST = "$(BUILT_PRODUCTS_DIR)/Ledger.app/Ledger";
			};
			name = Debug;
		};
		069B7E6522723B6B00F516C4 /* Release */ = {
			isa = XCBuildConfiguration;
			buildSettings = {
				ALWAYS_EMBED_SWIFT_STANDARD_LIBRARIES = YES;
				BUNDLE_LOADER = "$(TEST_HOST)";
				CODE_SIGN_STYLE = Automatic;
				INFOPLIST_FILE = LedgerTests/Info.plist;
				LD_RUNPATH_SEARCH_PATHS = (
					"$(inherited)",
					"@executable_path/Frameworks",
					"@loader_path/Frameworks",
				);
				PRODUCT_BUNDLE_IDENTIFIER = es.lagoblasco.gabi.LedgerTests;
				PRODUCT_NAME = "$(TARGET_NAME)";
				SWIFT_VERSION = 5.0;
				TARGETED_DEVICE_FAMILY = "1,2";
				TEST_HOST = "$(BUILT_PRODUCTS_DIR)/Ledger.app/Ledger";
			};
			name = Release;
		};
/* End XCBuildConfiguration section */

/* Begin XCConfigurationList section */
		069B7E3E22723B6A00F516C4 /* Build configuration list for PBXProject "Ledger" */ = {
			isa = XCConfigurationList;
			buildConfigurations = (
				069B7E5E22723B6B00F516C4 /* Debug */,
				069B7E5F22723B6B00F516C4 /* Release */,
			);
			defaultConfigurationIsVisible = 0;
			defaultConfigurationName = Release;
		};
		069B7E6022723B6B00F516C4 /* Build configuration list for PBXNativeTarget "Ledger" */ = {
			isa = XCConfigurationList;
			buildConfigurations = (
				069B7E6122723B6B00F516C4 /* Debug */,
				069B7E6222723B6B00F516C4 /* Release */,
			);
			defaultConfigurationIsVisible = 0;
			defaultConfigurationName = Release;
		};
		069B7E6322723B6B00F516C4 /* Build configuration list for PBXNativeTarget "LedgerTests" */ = {
			isa = XCConfigurationList;
			buildConfigurations = (
				069B7E6422723B6B00F516C4 /* Debug */,
				069B7E6522723B6B00F516C4 /* Release */,
			);
			defaultConfigurationIsVisible = 0;
			defaultConfigurationName = Release;
		};
/* End XCConfigurationList section */
	};
	rootObject = 069B7E3B22723B6A00F516C4 /* Project object */;
}
